
Microsoft Visual Studio Solution File, Format Version 12.00
# Visual Studio 15
VisualStudioVersion = 15.0.28307.1705
MinimumVisualStudioVersion = 10.0.40219.1
Project("{8BC9CEB8-8B4A-11D0-8D11-00A0C91BC942}") = "Sandbox", "Sandbox\Sandbox.vcxproj", "{42BAF905-2A0D-4804-90ED-3676F0F95BC1}"
EndProject
Project("{8BC9CEB8-8B4A-11D0-8D11-00A0C91BC942}") = "Hazel", "Hazel\Hazel.vcxproj", "{7C02B660-2DED-4C02-B797-79A4ABEA9B78}"
EndProject
Global
	GlobalSection(SolutionConfigurationPlatforms) = preSolution
		Debug|x64 = Debug|x64
		Release|x64 = Release|x64
	EndGlobalSection
	GlobalSection(ProjectConfigurationPlatforms) = postSolution
		{7C02B660-2DED-4C02-B797-79A4ABEA9B78}.Debug|x64.ActiveCfg = Debug|x64
		{7C02B660-2DED-4C02-B797-79A4ABEA9B78}.Debug|x64.Build.0 = Debug|x64
		{7C02B660-2DED-4C02-B797-79A4ABEA9B78}.Release|x64.ActiveCfg = Release|x64
		{7C02B660-2DED-4C02-B797-79A4ABEA9B78}.Release|x64.Build.0 = Release|x64
		{42BAF905-2A0D-4804-90ED-3676F0F95BC1}.Debug|x64.ActiveCfg = Debug|x64
		{42BAF905-2A0D-4804-90ED-3676F0F95BC1}.Debug|x64.Build.0 = Debug|x64
		{42BAF905-2A0D-4804-90ED-3676F0F95BC1}.Release|x64.ActiveCfg = Release|x64
		{42BAF905-2A0D-4804-90ED-3676F0F95BC1}.Release|x64.Build.0 = Release|x64
	EndGlobalSection
	GlobalSection(SolutionProperties) = preSolution
		HideSolutionNode = FALSE
	EndGlobalSection
	GlobalSection(ExtensibilityGlobals) = postSolution
		SolutionGuid = {E16456C0-5DDC-4A28-8981-2A0169D4E40A}
	EndGlobalSection
EndGlobal
